
Microsoft Visual Studio Solution File, Format Version 12.00
# Visual Studio Version 17
VisualStudioVersion = 17.6.33829.357
MinimumVisualStudioVersion = 10.0.40219.1
Project("{FAE04EC0-301F-11D3-BF4B-00C04F79EFBC}") = "BasicCalculator", "BasicCalculator\BasicCalculator.csproj", "{A6742BE4-BB26-48B3-9959-80724BB4D54A}"
EndProject
Project("{FAE04EC0-301F-11D3-BF4B-00C04F79EFBC}") = "CalculatorPrivateAssembly", "CalculatorPrivateAssembly\CalculatorPrivateAssembly.csproj", "{4A9EF78E-E391-44D1-A3A2-AC10082A88F3}"
EndProject
Global
	GlobalSection(SolutionConfigurationPlatforms) = preSolution
		Debug|Any CPU = Debug|Any CPU
		Release|Any CPU = Release|Any CPU
	EndGlobalSection
	GlobalSection(ProjectConfigurationPlatforms) = postSolution
		{A6742BE4-BB26-48B3-9959-80724BB4D54A}.Debug|Any CPU.ActiveCfg = Debug|Any CPU
		{A6742BE4-BB26-48B3-9959-80724BB4D54A}.Debug|Any CPU.Build.0 = Debug|Any CPU
		{A6742BE4-BB26-48B3-9959-80724BB4D54A}.Release|Any CPU.ActiveCfg = Release|Any CPU
		{A6742BE4-BB26-48B3-9959-80724BB4D54A}.Release|Any CPU.Build.0 = Release|Any CPU
		{4A9EF78E-E391-44D1-A3A2-AC10082A88F3}.Debug|Any CPU.ActiveCfg = Debug|Any CPU
		{4A9EF78E-E391-44D1-A3A2-AC10082A88F3}.Debug|Any CPU.Build.0 = Debug|Any CPU
		{4A9EF78E-E391-44D1-A3A2-AC10082A88F3}.Release|Any CPU.ActiveCfg = Release|Any CPU
		{4A9EF78E-E391-44D1-A3A2-AC10082A88F3}.Release|Any CPU.Build.0 = Release|Any CPU
	EndGlobalSection
	GlobalSection(SolutionProperties) = preSolution
		HideSolutionNode = FALSE
	EndGlobalSection
	GlobalSection(ExtensibilityGlobals) = postSolution
		SolutionGuid = {46F9897E-32FC-4408-99CC-6779C15FE091}
	EndGlobalSection
EndGlobal
